// !$*UTF8*$!
{
	archiveVersion = 1;
	classes = {
	};
	objectVersion = 77;
	objects = {

/* Begin PBXBuildFile section */
		2DB876402E0F81EA00840645 /* GoogleMobileAds in Frameworks */ = {isa = PBXBuildFile; productRef = 2DB8763F2E0F81EA00840645 /* GoogleMobileAds */; };
/* End PBXBuildFile section */

/* Begin PBXContainerItemProxy section */
		2D086CC42D69707A00C2CD95 /* PBXContainerItemProxy */ = {
			isa = PBXContainerItemProxy;
			containerPortal = 2D086CA92D69707900C2CD95 /* Project object */;
			proxyType = 1;
			remoteGlobalIDString = 2D086CB02D69707900C2CD95;
			remoteInfo = BiteLog;
		};
		2D086CCE2D69707A00C2CD95 /* PBXContainerItemProxy */ = {
			isa = PBXContainerItemProxy;
			containerPortal = 2D086CA92D69707900C2CD95 /* Project object */;
			proxyType = 1;
			remoteGlobalIDString = 2D086CB02D69707900C2CD95;
			remoteInfo = BiteLog;
		};
/* End PBXContainerItemProxy section */

/* Begin PBXFileReference section */
		2D086CB12D69707900C2CD95 /* BiteLog.app */ = {isa = PBXFileReference; explicitFileType = wrapper.application; includeInIndex = 0; path = BiteLog.app; sourceTree = BUILT_PRODUCTS_DIR; };
		2D086CC32D69707A00C2CD95 /* BiteLogTests.xctest */ = {isa = PBXFileReference; explicitFileType = wrapper.cfbundle; includeInIndex = 0; path = BiteLogTests.xctest; sourceTree = BUILT_PRODUCTS_DIR; };
		2D086CCD2D69707A00C2CD95 /* BiteLogUITests.xctest */ = {isa = PBXFileReference; explicitFileType = wrapper.cfbundle; includeInIndex = 0; path = BiteLogUITests.xctest; sourceTree = BUILT_PRODUCTS_DIR; };
/* End PBXFileReference section */

/* Begin PBXFileSystemSynchronizedRootGroup section */
		2D086CB32D69707900C2CD95 /* BiteLog */ = {
			isa = PBXFileSystemSynchronizedRootGroup;
			path = BiteLog;
			sourceTree = "<group>";
		};
		2D086CC62D69707A00C2CD95 /* BiteLogTests */ = {
			isa = PBXFileSystemSynchronizedRootGroup;
			path = BiteLogTests;
			sourceTree = "<group>";
		};
		2D086CD02D69707A00C2CD95 /* BiteLogUITests */ = {
			isa = PBXFileSystemSynchronizedRootGroup;
			path = BiteLogUITests;
			sourceTree = "<group>";
		};
/* End PBXFileSystemSynchronizedRootGroup section */

/* Begin PBXFrameworksBuildPhase section */
		2D086CAE2D69707900C2CD95 /* Frameworks */ = {
			isa = PBXFrameworksBuildPhase;
			buildActionMask = 2147483647;
			files = (
				2DB876402E0F81EA00840645 /* GoogleMobileAds in Frameworks */,
			);
			runOnlyForDeploymentPostprocessing = 0;
		};
		2D086CC02D69707A00C2CD95 /* Frameworks */ = {
			isa = PBXFrameworksBuildPhase;
			buildActionMask = 2147483647;
			files = (
			);
			runOnlyForDeploymentPostprocessing = 0;
		};
		2D086CCA2D69707A00C2CD95 /* Frameworks */ = {
			isa = PBXFrameworksBuildPhase;
			buildActionMask = 2147483647;
			files = (
			);
			runOnlyForDeploymentPostprocessing = 0;
		};
/* End PBXFrameworksBuildPhase section */

/* Begin PBXGroup section */
		2D086CA82D69707900C2CD95 = {
			isa = PBXGroup;
			children = (
				2D086CB32D69707900C2CD95 /* BiteLog */,
				2D086CC62D69707A00C2CD95 /* BiteLogTests */,
				2D086CD02D69707A00C2CD95 /* BiteLogUITests */,
				2D086CB22D69707900C2CD95 /* Products */,
			);
			sourceTree = "<group>";
		};
		2D086CB22D69707900C2CD95 /* Products */ = {
			isa = PBXGroup;
			children = (
				2D086CB12D69707900C2CD95 /* BiteLog.app */,
				2D086CC32D69707A00C2CD95 /* BiteLogTests.xctest */,
				2D086CCD2D69707A00C2CD95 /* BiteLogUITests.xctest */,
			);
			name = Products;
			sourceTree = "<group>";
		};
/* End PBXGroup section */

/* Begin PBXNativeTarget section */
		2D086CB02D69707900C2CD95 /* BiteLog */ = {
			isa = PBXNativeTarget;
			buildConfigurationList = 2D086CD72D69707A00C2CD95 /* Build configuration list for PBXNativeTarget "BiteLog" */;
			buildPhases = (
				2D086CAD2D69707900C2CD95 /* Sources */,
				2D086CAE2D69707900C2CD95 /* Frameworks */,
				2D086CAF2D69707900C2CD95 /* Resources */,
			);
			buildRules = (
			);
			dependencies = (
			);
			fileSystemSynchronizedGroups = (
				2D086CB32D69707900C2CD95 /* BiteLog */,
			);
			name = BiteLog;
			packageProductDependencies = (
				2DB8763F2E0F81EA00840645 /* GoogleMobileAds */,
			);
			productName = BiteLog;
			productReference = 2D086CB12D69707900C2CD95 /* BiteLog.app */;
			productType = "com.apple.product-type.application";
		};
		2D086CC22D69707A00C2CD95 /* BiteLogTests */ = {
			isa = PBXNativeTarget;
			buildConfigurationList = 2D086CDA2D69707A00C2CD95 /* Build configuration list for PBXNativeTarget "BiteLogTests" */;
			buildPhases = (
				2D086CBF2D69707A00C2CD95 /* Sources */,
				2D086CC02D69707A00C2CD95 /* Frameworks */,
				2D086CC12D69707A00C2CD95 /* Resources */,
			);
			buildRules = (
			);
			dependencies = (
				2D086CC52D69707A00C2CD95 /* PBXTargetDependency */,
			);
			fileSystemSynchronizedGroups = (
				2D086CC62D69707A00C2CD95 /* BiteLogTests */,
			);
			name = BiteLogTests;
			packageProductDependencies = (
			);
			productName = BiteLogTests;
			productReference = 2D086CC32D69707A00C2CD95 /* BiteLogTests.xctest */;
			productType = "com.apple.product-type.bundle.unit-test";
		};
		2D086CCC2D69707A00C2CD95 /* BiteLogUITests */ = {
			isa = PBXNativeTarget;
			buildConfigurationList = 2D086CDD2D69707A00C2CD95 /* Build configuration list for PBXNativeTarget "BiteLogUITests" */;
			buildPhases = (
				2D086CC92D69707A00C2CD95 /* Sources */,
				2D086CCA2D69707A00C2CD95 /* Frameworks */,
				2D086CCB2D69707A00C2CD95 /* Resources */,
			);
			buildRules = (
			);
			dependencies = (
				2D086CCF2D69707A00C2CD95 /* PBXTargetDependency */,
			);
			fileSystemSynchronizedGroups = (
				2D086CD02D69707A00C2CD95 /* BiteLogUITests */,
			);
			name = BiteLogUITests;
			packageProductDependencies = (
			);
			productName = BiteLogUITests;
			productReference = 2D086CCD2D69707A00C2CD95 /* BiteLogUITests.xctest */;
			productType = "com.apple.product-type.bundle.ui-testing";
		};
/* End PBXNativeTarget section */

/* Begin PBXProject section */
		2D086CA92D69707900C2CD95 /* Project object */ = {
			isa = PBXProject;
			attributes = {
				BuildIndependentTargetsInParallel = 1;
				LastSwiftUpdateCheck = 1620;
				LastUpgradeCheck = 1620;
				TargetAttributes = {
					2D086CB02D69707900C2CD95 = {
						CreatedOnToolsVersion = 16.2;
					};
					2D086CC22D69707A00C2CD95 = {
						CreatedOnToolsVersion = 16.2;
						TestTargetID = 2D086CB02D69707900C2CD95;
					};
					2D086CCC2D69707A00C2CD95 = {
						CreatedOnToolsVersion = 16.2;
						TestTargetID = 2D086CB02D69707900C2CD95;
					};
				};
			};
			buildConfigurationList = 2D086CAC2D69707900C2CD95 /* Build configuration list for PBXProject "BiteLog" */;
			developmentRegion = en;
			hasScannedForEncodings = 0;
			knownRegions = (
				en,
				Base,
				ja,
			);
			mainGroup = 2D086CA82D69707900C2CD95;
			minimizedProjectReferenceProxies = 1;
			packageReferences = (
				2DB8763E2E0F81EA00840645 /* XCRemoteSwiftPackageReference "swift-package-manager-google-mobile-ads" */,
			);
			preferredProjectObjectVersion = 77;
			productRefGroup = 2D086CB22D69707900C2CD95 /* Products */;
			projectDirPath = "";
			projectRoot = "";
			targets = (
				2D086CB02D69707900C2CD95 /* BiteLog */,
				2D086CC22D69707A00C2CD95 /* BiteLogTests */,
				2D086CCC2D69707A00C2CD95 /* BiteLogUITests */,
			);
		};
/* End PBXProject section */

/* Begin PBXResourcesBuildPhase section */
		2D086CAF2D69707900C2CD95 /* Resources */ = {
			isa = PBXResourcesBuildPhase;
			buildActionMask = 2147483647;
			files = (
			);
			runOnlyForDeploymentPostprocessing = 0;
		};
		2D086CC12D69707A00C2CD95 /* Resources */ = {
			isa = PBXResourcesBuildPhase;
			buildActionMask = 2147483647;
			files = (
			);
			runOnlyForDeploymentPostprocessing = 0;
		};
		2D086CCB2D69707A00C2CD95 /* Resources */ = {
			isa = PBXResourcesBuildPhase;
			buildActionMask = 2147483647;
			files = (
			);
			runOnlyForDeploymentPostprocessing = 0;
		};
/* End PBXResourcesBuildPhase section */

/* Begin PBXSourcesBuildPhase section */
		2D086CAD2D69707900C2CD95 /* Sources */ = {
			isa = PBXSourcesBuildPhase;
			buildActionMask = 2147483647;
			files = (
			);
			runOnlyForDeploymentPostprocessing = 0;
		};
		2D086CBF2D69707A00C2CD95 /* Sources */ = {
			isa = PBXSourcesBuildPhase;
			buildActionMask = 2147483647;
			files = (
			);
			runOnlyForDeploymentPostprocessing = 0;
		};
		2D086CC92D69707A00C2CD95 /* Sources */ = {
			isa = PBXSourcesBuildPhase;
			buildActionMask = 2147483647;
			files = (
			);
			runOnlyForDeploymentPostprocessing = 0;
		};
/* End PBXSourcesBuildPhase section */

/* Begin PBXTargetDependency section */
		2D086CC52D69707A00C2CD95 /* PBXTargetDependency */ = {
			isa = PBXTargetDependency;
			target = 2D086CB02D69707900C2CD95 /* BiteLog */;
			targetProxy = 2D086CC42D69707A00C2CD95 /* PBXContainerItemProxy */;
		};
		2D086CCF2D69707A00C2CD95 /* PBXTargetDependency */ = {
			isa = PBXTargetDependency;
			target = 2D086CB02D69707900C2CD95 /* BiteLog */;
			targetProxy = 2D086CCE2D69707A00C2CD95 /* PBXContainerItemProxy */;
		};
/* End PBXTargetDependency section */

/* Begin XCBuildConfiguration section */
		2D086CD52D69707A00C2CD95 /* Debug */ = {
			isa = XCBuildConfiguration;
			buildSettings = {
				ALWAYS_SEARCH_USER_PATHS = NO;
				ASSETCATALOG_COMPILER_GENERATE_SWIFT_ASSET_SYMBOL_EXTENSIONS = YES;
				CLANG_ANALYZER_NONNULL = YES;
				CLANG_ANALYZER_NUMBER_OBJECT_CONVERSION = YES_AGGRESSIVE;
				CLANG_CXX_LANGUAGE_STANDARD = "gnu++20";
				CLANG_ENABLE_MODULES = YES;
				CLANG_ENABLE_OBJC_ARC = YES;
				CLANG_ENABLE_OBJC_WEAK = YES;
				CLANG_WARN_BLOCK_CAPTURE_AUTORELEASING = YES;
				CLANG_WARN_BOOL_CONVERSION = YES;
				CLANG_WARN_COMMA = YES;
				CLANG_WARN_CONSTANT_CONVERSION = YES;
				CLANG_WARN_DEPRECATED_OBJC_IMPLEMENTATIONS = YES;
				CLANG_WARN_DIRECT_OBJC_ISA_USAGE = YES_ERROR;
				CLANG_WARN_DOCUMENTATION_COMMENTS = YES;
				CLANG_WARN_EMPTY_BODY = YES;
				CLANG_WARN_ENUM_CONVERSION = YES;
				CLANG_WARN_INFINITE_RECURSION = YES;
				CLANG_WARN_INT_CONVERSION = YES;
				CLANG_WARN_NON_LITERAL_NULL_CONVERSION = YES;
				CLANG_WARN_OBJC_IMPLICIT_RETAIN_SELF = YES;
				CLANG_WARN_OBJC_LITERAL_CONVERSION = YES;
				CLANG_WARN_OBJC_ROOT_CLASS = YES_ERROR;
				CLANG_WARN_QUOTED_INCLUDE_IN_FRAMEWORK_HEADER = YES;
				CLANG_WARN_RANGE_LOOP_ANALYSIS = YES;
				CLANG_WARN_STRICT_PROTOTYPES = YES;
				CLANG_WARN_SUSPICIOUS_MOVE = YES;
				CLANG_WARN_UNGUARDED_AVAILABILITY = YES_AGGRESSIVE;
				CLANG_WARN_UNREACHABLE_CODE = YES;
				CLANG_WARN__DUPLICATE_METHOD_MATCH = YES;
				COPY_PHASE_STRIP = NO;
				DEBUG_INFORMATION_FORMAT = dwarf;
				ENABLE_STRICT_OBJC_MSGSEND = YES;
				ENABLE_TESTABILITY = YES;
				ENABLE_USER_SCRIPT_SANDBOXING = YES;
				GCC_C_LANGUAGE_STANDARD = gnu17;
				GCC_DYNAMIC_NO_PIC = NO;
				GCC_NO_COMMON_BLOCKS = YES;
				GCC_OPTIMIZATION_LEVEL = 0;
				GCC_PREPROCESSOR_DEFINITIONS = (
					"DEBUG=1",
					"$(inherited)",
				);
				GCC_WARN_64_TO_32_BIT_CONVERSION = YES;
				GCC_WARN_ABOUT_RETURN_TYPE = YES_ERROR;
				GCC_WARN_UNDECLARED_SELECTOR = YES;
				GCC_WARN_UNINITIALIZED_AUTOS = YES_AGGRESSIVE;
				GCC_WARN_UNUSED_FUNCTION = YES;
				GCC_WARN_UNUSED_VARIABLE = YES;
				IPHONEOS_DEPLOYMENT_TARGET = 18.2;
				LOCALIZATION_PREFERS_STRING_CATALOGS = YES;
				MTL_ENABLE_DEBUG_INFO = INCLUDE_SOURCE;
				MTL_FAST_MATH = YES;
				ONLY_ACTIVE_ARCH = YES;
				SDKROOT = iphoneos;
				SWIFT_ACTIVE_COMPILATION_CONDITIONS = "DEBUG $(inherited)";
				SWIFT_OPTIMIZATION_LEVEL = "-Onone";
			};
			name = Debug;
		};
		2D086CD62D69707A00C2CD95 /* Release */ = {
			isa = XCBuildConfiguration;
			buildSettings = {
				ALWAYS_SEARCH_USER_PATHS = NO;
				ASSETCATALOG_COMPILER_GENERATE_SWIFT_ASSET_SYMBOL_EXTENSIONS = YES;
				CLANG_ANALYZER_NONNULL = YES;
				CLANG_ANALYZER_NUMBER_OBJECT_CONVERSION = YES_AGGRESSIVE;
				CLANG_CXX_LANGUAGE_STANDARD = "gnu++20";
				CLANG_ENABLE_MODULES = YES;
				CLANG_ENABLE_OBJC_ARC = YES;
				CLANG_ENABLE_OBJC_WEAK = YES;
				CLANG_WARN_BLOCK_CAPTURE_AUTORELEASING = YES;
				CLANG_WARN_BOOL_CONVERSION = YES;
				CLANG_WARN_COMMA = YES;
				CLANG_WARN_CONSTANT_CONVERSION = YES;
				CLANG_WARN_DEPRECATED_OBJC_IMPLEMENTATIONS = YES;
				CLANG_WARN_DIRECT_OBJC_ISA_USAGE = YES_ERROR;
				CLANG_WARN_DOCUMENTATION_COMMENTS = YES;
				CLANG_WARN_EMPTY_BODY = YES;
				CLANG_WARN_ENUM_CONVERSION = YES;
				CLANG_WARN_INFINITE_RECURSION = YES;
				CLANG_WARN_INT_CONVERSION = YES;
				CLANG_WARN_NON_LITERAL_NULL_CONVERSION = YES;
				CLANG_WARN_OBJC_IMPLICIT_RETAIN_SELF = YES;
				CLANG_WARN_OBJC_LITERAL_CONVERSION = YES;
				CLANG_WARN_OBJC_ROOT_CLASS = YES_ERROR;
				CLANG_WARN_QUOTED_INCLUDE_IN_FRAMEWORK_HEADER = YES;
				CLANG_WARN_RANGE_LOOP_ANALYSIS = YES;
				CLANG_WARN_STRICT_PROTOTYPES = YES;
				CLANG_WARN_SUSPICIOUS_MOVE = YES;
				CLANG_WARN_UNGUARDED_AVAILABILITY = YES_AGGRESSIVE;
				CLANG_WARN_UNREACHABLE_CODE = YES;
				CLANG_WARN__DUPLICATE_METHOD_MATCH = YES;
				COPY_PHASE_STRIP = NO;
				DEBUG_INFORMATION_FORMAT = "dwarf-with-dsym";
				ENABLE_NS_ASSERTIONS = NO;
				ENABLE_STRICT_OBJC_MSGSEND = YES;
				ENABLE_USER_SCRIPT_SANDBOXING = YES;
				GCC_C_LANGUAGE_STANDARD = gnu17;
				GCC_NO_COMMON_BLOCKS = YES;
				GCC_WARN_64_TO_32_BIT_CONVERSION = YES;
				GCC_WARN_ABOUT_RETURN_TYPE = YES_ERROR;
				GCC_WARN_UNDECLARED_SELECTOR = YES;
				GCC_WARN_UNINITIALIZED_AUTOS = YES_AGGRESSIVE;
				GCC_WARN_UNUSED_FUNCTION = YES;
				GCC_WARN_UNUSED_VARIABLE = YES;
				IPHONEOS_DEPLOYMENT_TARGET = 18.2;
				LOCALIZATION_PREFERS_STRING_CATALOGS = YES;
				MTL_ENABLE_DEBUG_INFO = NO;
				MTL_FAST_MATH = YES;
				SDKROOT = iphoneos;
				SWIFT_COMPILATION_MODE = wholemodule;
				VALIDATE_PRODUCT = YES;
			};
			name = Release;
		};
		2D086CD82D69707A00C2CD95 /* Debug */ = {
			isa = XCBuildConfiguration;
			buildSettings = {
				ASSETCATALOG_COMPILER_APPICON_NAME = AppIcon;
				ASSETCATALOG_COMPILER_GLOBAL_ACCENT_COLOR_NAME = AccentColor;
				CODE_SIGN_STYLE = Automatic;
				CURRENT_PROJECT_VERSION = 1;
				DEVELOPMENT_ASSET_PATHS = "\"BiteLog/Preview Content\"";
				DEVELOPMENT_TEAM = L3VU6Q2MZ6;
				ENABLE_PREVIEWS = YES;
				GENERATE_INFOPLIST_FILE = YES;
				INFOPLIST_KEY_UIApplicationSupportsIndirectInputEvents = YES;
				INFOPLIST_KEY_UILaunchScreen_Generation = YES;
				INFOPLIST_KEY_UISupportedInterfaceOrientations = "UIInterfaceOrientationPortrait UIInterfaceOrientationLandscapeLeft UIInterfaceOrientationLandscapeRight";
				INFOPLIST_KEY_UISupportedInterfaceOrientations_iPad = "UIInterfaceOrientationPortrait UIInterfaceOrientationPortraitUpsideDown UIInterfaceOrientationLandscapeLeft UIInterfaceOrientationLandscapeRight";
				LD_RUNPATH_SEARCH_PATHS = (
					"$(inherited)",
					"@executable_path/Frameworks",
				);
				MARKETING_VERSION = 1.3;
				OTHER_LDFLAGS = "-ObjC";
				PRODUCT_BUNDLE_IDENTIFIER = com.watahiki.BiteLog;
				PRODUCT_NAME = "$(TARGET_NAME)";
				SUPPORTED_PLATFORMS = "iphoneos iphonesimulator";
				SUPPORTS_MACCATALYST = NO;
				SWIFT_EMIT_LOC_STRINGS = YES;
				SWIFT_VERSION = 5.0;
				TARGETED_DEVICE_FAMILY = 1;
			};
			name = Debug;
		};
		2D086CD92D69707A00C2CD95 /* Release */ = {
			isa = XCBuildConfiguration;
			buildSettings = {
				ASSETCATALOG_COMPILER_APPICON_NAME = AppIcon;
				ASSETCATALOG_COMPILER_GLOBAL_ACCENT_COLOR_NAME = AccentColor;
				CODE_SIGN_STYLE = Automatic;
				CURRENT_PROJECT_VERSION = 1;
				DEVELOPMENT_ASSET_PATHS = "\"BiteLog/Preview Content\"";
				DEVELOPMENT_TEAM = L3VU6Q2MZ6;
				ENABLE_PREVIEWS = YES;
				GENERATE_INFOPLIST_FILE = YES;
				INFOPLIST_KEY_UIApplicationSupportsIndirectInputEvents = YES;
				INFOPLIST_KEY_UILaunchScreen_Generation = YES;
				INFOPLIST_KEY_UISupportedInterfaceOrientations = "UIInterfaceOrientationPortrait UIInterfaceOrientationLandscapeLeft UIInterfaceOrientationLandscapeRight";
				INFOPLIST_KEY_UISupportedInterfaceOrientations_iPad = "UIInterfaceOrientationPortrait UIInterfaceOrientationPortraitUpsideDown UIInterfaceOrientationLandscapeLeft UIInterfaceOrientationLandscapeRight";
				LD_RUNPATH_SEARCH_PATHS = (
					"$(inherited)",
					"@executable_path/Frameworks",
				);
				MARKETING_VERSION = 1.3;
				OTHER_LDFLAGS = "-ObjC";
				PRODUCT_BUNDLE_IDENTIFIER = com.watahiki.BiteLog;
				PRODUCT_NAME = "$(TARGET_NAME)";
				SUPPORTED_PLATFORMS = "iphoneos iphonesimulator";
				SUPPORTS_MACCATALYST = NO;
				SWIFT_EMIT_LOC_STRINGS = YES;
				SWIFT_VERSION = 5.0;
				TARGETED_DEVICE_FAMILY = 1;
			};
			name = Release;
		};
		2D086CDB2D69707A00C2CD95 /* Debug */ = {
			isa = XCBuildConfiguration;
			buildSettings = {
				BUNDLE_LOADER = "$(TEST_HOST)";
				IPHONEOS_DEPLOYMENT_TARGET = 18.2;
				MARKETING_VERSION = 1.0;
				PRODUCT_BUNDLE_IDENTIFIER = com.watahiki.BiteLogTests;
				PRODUCT_NAME = "$(TARGET_NAME)";
				SWIFT_EMIT_LOC_STRINGS = NO;
				SWIFT_VERSION = 5.0;
				TARGETED_DEVICE_FAMILY = "1,2";
				TEST_HOST = "$(BUILT_PRODUCTS_DIR)/BiteLog.app/$(BUNDLE_EXECUTABLE_FOLDER_PATH)/BiteLog";
			};
			name = Debug;
		};
		2D086CDC2D69707A00C2CD95 /* Release */ = {
			isa = XCBuildConfiguration;
			buildSettings = {
				BUNDLE_LOADER = "$(TEST_HOST)";
				IPHONEOS_DEPLOYMENT_TARGET = 18.2;
				MARKETING_VERSION = 1.0;
				PRODUCT_BUNDLE_IDENTIFIER = com.watahiki.BiteLogTests;
				PRODUCT_NAME = "$(TARGET_NAME)";
				SWIFT_EMIT_LOC_STRINGS = NO;
				SWIFT_VERSION = 5.0;
				TARGETED_DEVICE_FAMILY = "1,2";
				TEST_HOST = "$(BUILT_PRODUCTS_DIR)/BiteLog.app/$(BUNDLE_EXECUTABLE_FOLDER_PATH)/BiteLog";
			};
			name = Release;
		};
		2D086CDE2D69707A00C2CD95 /* Debug */ = {
			isa = XCBuildConfiguration;
			buildSettings = {
				CODE_SIGN_STYLE = Automatic;
				CURRENT_PROJECT_VERSION = 1;
				DEVELOPMENT_TEAM = L3VU6Q2MZ6;
				MARKETING_VERSION = 1.0;
				PRODUCT_BUNDLE_IDENTIFIER = com.watahiki.BiteLogUITests;
				PRODUCT_NAME = "$(TARGET_NAME)";
				SWIFT_EMIT_LOC_STRINGS = NO;
				SWIFT_VERSION = 5.0;
				TARGETED_DEVICE_FAMILY = "1,2";
				TEST_TARGET_NAME = BiteLog;
			};
			name = Debug;
		};
		2D086CDF2D69707A00C2CD95 /* Release */ = {
			isa = XCBuildConfiguration;
			buildSettings = {
				CODE_SIGN_STYLE = Automatic;
				CURRENT_PROJECT_VERSION = 1;
				DEVELOPMENT_TEAM = L3VU6Q2MZ6;
				MARKETING_VERSION = 1.0;
				PRODUCT_BUNDLE_IDENTIFIER = com.watahiki.BiteLogUITests;
				PRODUCT_NAME = "$(TARGET_NAME)";
				SWIFT_EMIT_LOC_STRINGS = NO;
				SWIFT_VERSION = 5.0;
				TARGETED_DEVICE_FAMILY = "1,2";
				TEST_TARGET_NAME = BiteLog;
			};
			name = Release;
		};
/* End XCBuildConfiguration section */

/* Begin XCConfigurationList section */
		2D086CAC2D69707900C2CD95 /* Build configuration list for PBXProject "BiteLog" */ = {
			isa = XCConfigurationList;
			buildConfigurations = (
				2D086CD52D69707A00C2CD95 /* Debug */,
				2D086CD62D69707A00C2CD95 /* Release */,
			);
			defaultConfigurationIsVisible = 0;
			defaultConfigurationName = Release;
		};
		2D086CD72D69707A00C2CD95 /* Build configuration list for PBXNativeTarget "BiteLog" */ = {
			isa = XCConfigurationList;
			buildConfigurations = (
				2D086CD82D69707A00C2CD95 /* Debug */,
				2D086CD92D69707A00C2CD95 /* Release */,
			);
			defaultConfigurationIsVisible = 0;
			defaultConfigurationName = Release;
		};
		2D086CDA2D69707A00C2CD95 /* Build configuration list for PBXNativeTarget "BiteLogTests" */ = {
			isa = XCConfigurationList;
			buildConfigurations = (
				2D086CDB2D69707A00C2CD95 /* Debug */,
				2D086CDC2D69707A00C2CD95 /* Release */,
			);
			defaultConfigurationIsVisible = 0;
			defaultConfigurationName = Release;
		};
		2D086CDD2D69707A00C2CD95 /* Build configuration list for PBXNativeTarget "BiteLogUITests" */ = {
			isa = XCConfigurationList;
			buildConfigurations = (
				2D086CDE2D69707A00C2CD95 /* Debug */,
				2D086CDF2D69707A00C2CD95 /* Release */,
			);
			defaultConfigurationIsVisible = 0;
			defaultConfigurationName = Release;
		};
/* End XCConfigurationList section */

/* Begin XCRemoteSwiftPackageReference section */
		2DB8763E2E0F81EA00840645 /* XCRemoteSwiftPackageReference "swift-package-manager-google-mobile-ads" */ = {
			isa = XCRemoteSwiftPackageReference;
			repositoryURL = "https://github.com/googleads/swift-package-manager-google-mobile-ads.git";
			requirement = {
				kind = upToNextMajorVersion;
				minimumVersion = 12.6.0;
			};
		};
/* End XCRemoteSwiftPackageReference section */

/* Begin XCSwiftPackageProductDependency section */
		2DB8763F2E0F81EA00840645 /* GoogleMobileAds */ = {
			isa = XCSwiftPackageProductDependency;
			package = 2DB8763E2E0F81EA00840645 /* XCRemoteSwiftPackageReference "swift-package-manager-google-mobile-ads" */;
			productName = GoogleMobileAds;
		};
/* End XCSwiftPackageProductDependency section */
	};
	rootObject = 2D086CA92D69707900C2CD95 /* Project object */;
}
